# This file is automatically @generated by Cargo.
# It is not intended for manual editing.
version = 3

[[package]]
name = "api-gateway"
version = "0.1.1"

[[package]]
name = "desk"
version = "0.1.1"

[[package]]
name = "iam"
version = "0.1.1"

[[package]]
name = "rectangles"
version = "0.1.1"

[[package]]
name = "restaurant"
version = "0.1.1"

[[package]]
name = "rust-exer"
version = "0.1.0"

[[package]]
name = "serde"
version = "0.1.1"

[[package]]
name = "str_exam"
version = "0.1.1"
